// !$*UTF8*$!
{
	archiveVersion = 1;
	classes = {
	};
	objectVersion = 56;
	objects = {

/* Begin PBXBuildFile section */
		73AE6CAC2BA02CE300E255AD /* AppDelegate.swift in Sources */ = {isa = PBXBuildFile; fileRef = 73AE6CAB2BA02CE300E255AD /* AppDelegate.swift */; };
		73AE6CAE2BA02CE300E255AD /* SceneDelegate.swift in Sources */ = {isa = PBXBuildFile; fileRef = 73AE6CAD2BA02CE300E255AD /* SceneDelegate.swift */; };
		73AE6CB02BA02CE300E255AD /* ViewController.swift in Sources */ = {isa = PBXBuildFile; fileRef = 73AE6CAF2BA02CE300E255AD /* ViewController.swift */; };
		73AE6CB32BA02CE300E255AD /* Main.storyboard in Resources */ = {isa = PBXBuildFile; fileRef = 73AE6CB12BA02CE300E255AD /* Main.storyboard */; };
		73AE6CB62BA02CE300E255AD /* Auto_Layout_Demo.xcdatamodeld in Sources */ = {isa = PBXBuildFile; fileRef = 73AE6CB42BA02CE300E255AD /* Auto_Layout_Demo.xcdatamodeld */; };
		73AE6CB82BA02CE400E255AD /* Assets.xcassets in Resources */ = {isa = PBXBuildFile; fileRef = 73AE6CB72BA02CE400E255AD /* Assets.xcassets */; };
		73AE6CBB2BA02CE400E255AD /* LaunchScreen.storyboard in Resources */ = {isa = PBXBuildFile; fileRef = 73AE6CB92BA02CE400E255AD /* LaunchScreen.storyboard */; };
		73AE6CC32BA0337500E255AD /* S1.swift in Sources */ = {isa = PBXBuildFile; fileRef = 73AE6CC22BA0337500E255AD /* S1.swift */; };
/* End PBXBuildFile section */

/* Begin PBXFileReference section */
		73AE6CA82BA02CE300E255AD /* Auto Layout Demo.app */ = {isa = PBXFileReference; explicitFileType = wrapper.application; includeInIndex = 0; path = "Auto Layout Demo.app"; sourceTree = BUILT_PRODUCTS_DIR; };
		73AE6CAB2BA02CE300E255AD /* AppDelegate.swift */ = {isa = PBXFileReference; lastKnownFileType = sourcecode.swift; path = AppDelegate.swift; sourceTree = "<group>"; };
		73AE6CAD2BA02CE300E255AD /* SceneDelegate.swift */ = {isa = PBXFileReference; lastKnownFileType = sourcecode.swift; path = SceneDelegate.swift; sourceTree = "<group>"; };
		73AE6CAF2BA02CE300E255AD /* ViewController.swift */ = {isa = PBXFileReference; lastKnownFileType = sourcecode.swift; path = ViewController.swift; sourceTree = "<group>"; };
		73AE6CB22BA02CE300E255AD /* Base */ = {isa = PBXFileReference; lastKnownFileType = file.storyboard; name = Base; path = Base.lproj/Main.storyboard; sourceTree = "<group>"; };
		73AE6CB52BA02CE300E255AD /* Auto_Layout_Demo.xcdatamodel */ = {isa = PBXFileReference; lastKnownFileType = wrapper.xcdatamodel; path = Auto_Layout_Demo.xcdatamodel; sourceTree = "<group>"; };
		73AE6CB72BA02CE400E255AD /* Assets.xcassets */ = {isa = PBXFileReference; lastKnownFileType = folder.assetcatalog; path = Assets.xcassets; sourceTree = "<group>"; };
		73AE6CBA2BA02CE400E255AD /* Base */ = {isa = PBXFileReference; lastKnownFileType = file.storyboard; name = Base; path = Base.lproj/LaunchScreen.storyboard; sourceTree = "<group>"; };
		73AE6CBC2BA02CE400E255AD /* Info.plist */ = {isa = PBXFileReference; lastKnownFileType = text.plist.xml; path = Info.plist; sourceTree = "<group>"; };
		73AE6CC22BA0337500E255AD /* S1.swift */ = {isa = PBXFileReference; lastKnownFileType = sourcecode.swift; path = S1.swift; sourceTree = "<group>"; };
/* End PBXFileReference section */

/* Begin PBXFrameworksBuildPhase section */
		73AE6CA52BA02CE300E255AD /* Frameworks */ = {
			isa = PBXFrameworksBuildPhase;
			buildActionMask = 2147483647;
			files = (
			);
			runOnlyForDeploymentPostprocessing = 0;
		};
/* End PBXFrameworksBuildPhase section */

/* Begin PBXGroup section */
		73AE6C9F2BA02CE300E255AD = {
			isa = PBXGroup;
			children = (
				73AE6CAA2BA02CE300E255AD /* Auto Layout Demo */,
				73AE6CA92BA02CE300E255AD /* Products */,
			);
			sourceTree = "<group>";
		};
		73AE6CA92BA02CE300E255AD /* Products */ = {
			isa = PBXGroup;
			children = (
				73AE6CA82BA02CE300E255AD /* Auto Layout Demo.app */,
			);
			name = Products;
			sourceTree = "<group>";
		};
		73AE6CAA2BA02CE300E255AD /* Auto Layout Demo */ = {
			isa = PBXGroup;
			children = (
				73AE6CAB2BA02CE300E255AD /* AppDelegate.swift */,
				73AE6CAD2BA02CE300E255AD /* SceneDelegate.swift */,
				73AE6CAF2BA02CE300E255AD /* ViewController.swift */,
				73AE6CB12BA02CE300E255AD /* Main.storyboard */,
				73AE6CB72BA02CE400E255AD /* Assets.xcassets */,
				73AE6CB92BA02CE400E255AD /* LaunchScreen.storyboard */,
				73AE6CBC2BA02CE400E255AD /* Info.plist */,
				73AE6CB42BA02CE300E255AD /* Auto_Layout_Demo.xcdatamodeld */,
				73AE6CC22BA0337500E255AD /* S1.swift */,
			);
			path = "Auto Layout Demo";
			sourceTree = "<group>";
		};
/* End PBXGroup section */

/* Begin PBXNativeTarget section */
		73AE6CA72BA02CE300E255AD /* Auto Layout Demo */ = {
			isa = PBXNativeTarget;
			buildConfigurationList = 73AE6CBF2BA02CE400E255AD /* Build configuration list for PBXNativeTarget "Auto Layout Demo" */;
			buildPhases = (
				73AE6CA42BA02CE300E255AD /* Sources */,
				73AE6CA52BA02CE300E255AD /* Frameworks */,
				73AE6CA62BA02CE300E255AD /* Resources */,
			);
			buildRules = (
			);
			dependencies = (
			);
			name = "Auto Layout Demo";
			productName = "Auto Layout Demo";
			productReference = 73AE6CA82BA02CE300E255AD /* Auto Layout Demo.app */;
			productType = "com.apple.product-type.application";
		};
/* End PBXNativeTarget section */

/* Begin PBXProject section */
		73AE6CA02BA02CE300E255AD /* Project object */ = {
			isa = PBXProject;
			attributes = {
				BuildIndependentTargetsInParallel = 1;
				LastSwiftUpdateCheck = 1520;
				LastUpgradeCheck = 1520;
				TargetAttributes = {
					73AE6CA72BA02CE300E255AD = {
						CreatedOnToolsVersion = 15.2;
					};
				};
			};
			buildConfigurationList = 73AE6CA32BA02CE300E255AD /* Build configuration list for PBXProject "Auto Layout Demo" */;
			compatibilityVersion = "Xcode 14.0";
			developmentRegion = en;
			hasScannedForEncodings = 0;
			knownRegions = (
				en,
				Base,
			);
			mainGroup = 73AE6C9F2BA02CE300E255AD;
			productRefGroup = 73AE6CA92BA02CE300E255AD /* Products */;
			projectDirPath = "";
			projectRoot = "";
			targets = (
				73AE6CA72BA02CE300E255AD /* Auto Layout Demo */,
			);
		};
/* End PBXProject section */

/* Begin PBXResourcesBuildPhase section */
		73AE6CA62BA02CE300E255AD /* Resources */ = {
			isa = PBXResourcesBuildPhase;
			buildActionMask = 2147483647;
			files = (
				73AE6CBB2BA02CE400E255AD /* LaunchScreen.storyboard in Resources */,
				73AE6CB82BA02CE400E255AD /* Assets.xcassets in Resources */,
				73AE6CB32BA02CE300E255AD /* Main.storyboard in Resources */,
			);
			runOnlyForDeploymentPostprocessing = 0;
		};
/* End PBXResourcesBuildPhase section */

/* Begin PBXSourcesBuildPhase section */
		73AE6CA42BA02CE300E255AD /* Sources */ = {
			isa = PBXSourcesBuildPhase;
			buildActionMask = 2147483647;
			files = (
				73AE6CB02BA02CE300E255AD /* ViewController.swift in Sources */,
				73AE6CAC2BA02CE300E255AD /* AppDelegate.swift in Sources */,
				73AE6CAE2BA02CE300E255AD /* SceneDelegate.swift in Sources */,
				73AE6CC32BA0337500E255AD /* S1.swift in Sources */,
				73AE6CB62BA02CE300E255AD /* Auto_Layout_Demo.xcdatamodeld in Sources */,
			);
			runOnlyForDeploymentPostprocessing = 0;
		};
/* End PBXSourcesBuildPhase section */

/* Begin PBXVariantGroup section */
		73AE6CB12BA02CE300E255AD /* Main.storyboard */ = {
			isa = PBXVariantGroup;
			children = (
				73AE6CB22BA02CE300E255AD /* Base */,
			);
			name = Main.storyboard;
			sourceTree = "<group>";
		};
		73AE6CB92BA02CE400E255AD /* LaunchScreen.storyboard */ = {
			isa = PBXVariantGroup;
			children = (
				73AE6CBA2BA02CE400E255AD /* Base */,
			);
			name = LaunchScreen.storyboard;
			sourceTree = "<group>";
		};
/* End PBXVariantGroup section */

/* Begin XCBuildConfiguration section */
		73AE6CBD2BA02CE400E255AD /* Debug */ = {
			isa = XCBuildConfiguration;
			buildSettings = {
				ALWAYS_SEARCH_USER_PATHS = NO;
				ASSETCATALOG_COMPILER_GENERATE_SWIFT_ASSET_SYMBOL_EXTENSIONS = YES;
				CLANG_ANALYZER_NONNULL = YES;
				CLANG_ANALYZER_NUMBER_OBJECT_CONVERSION = YES_AGGRESSIVE;
				CLANG_CXX_LANGUAGE_STANDARD = "gnu++20";
				CLANG_ENABLE_MODULES = YES;
				CLANG_ENABLE_OBJC_ARC = YES;
				CLANG_ENABLE_OBJC_WEAK = YES;
				CLANG_WARN_BLOCK_CAPTURE_AUTORELEASING = YES;
				CLANG_WARN_BOOL_CONVERSION = YES;
				CLANG_WARN_COMMA = YES;
				CLANG_WARN_CONSTANT_CONVERSION = YES;
				CLANG_WARN_DEPRECATED_OBJC_IMPLEMENTATIONS = YES;
				CLANG_WARN_DIRECT_OBJC_ISA_USAGE = YES_ERROR;
				CLANG_WARN_DOCUMENTATION_COMMENTS = YES;
				CLANG_WARN_EMPTY_BODY = YES;
				CLANG_WARN_ENUM_CONVERSION = YES;
				CLANG_WARN_INFINITE_RECURSION = YES;
				CLANG_WARN_INT_CONVERSION = YES;
				CLANG_WARN_NON_LITERAL_NULL_CONVERSION = YES;
				CLANG_WARN_OBJC_IMPLICIT_RETAIN_SELF = YES;
				CLANG_WARN_OBJC_LITERAL_CONVERSION = YES;
				CLANG_WARN_OBJC_ROOT_CLASS = YES_ERROR;
				CLANG_WARN_QUOTED_INCLUDE_IN_FRAMEWORK_HEADER = YES;
				CLANG_WARN_RANGE_LOOP_ANALYSIS = YES;
				CLANG_WARN_STRICT_PROTOTYPES = YES;
				CLANG_WARN_SUSPICIOUS_MOVE = YES;
				CLANG_WARN_UNGUARDED_AVAILABILITY = YES_AGGRESSIVE;
				CLANG_WARN_UNREACHABLE_CODE = YES;
				CLANG_WARN__DUPLICATE_METHOD_MATCH = YES;
				COPY_PHASE_STRIP = NO;
				DEBUG_INFORMATION_FORMAT = dwarf;
				ENABLE_STRICT_OBJC_MSGSEND = YES;
				ENABLE_TESTABILITY = YES;
				ENABLE_USER_SCRIPT_SANDBOXING = YES;
				GCC_C_LANGUAGE_STANDARD = gnu17;
				GCC_DYNAMIC_NO_PIC = NO;
				GCC_NO_COMMON_BLOCKS = YES;
				GCC_OPTIMIZATION_LEVEL = 0;
				GCC_PREPROCESSOR_DEFINITIONS = (
					"DEBUG=1",
					"$(inherited)",
				);
				GCC_WARN_64_TO_32_BIT_CONVERSION = YES;
				GCC_WARN_ABOUT_RETURN_TYPE = YES_ERROR;
				GCC_WARN_UNDECLARED_SELECTOR = YES;
				GCC_WARN_UNINITIALIZED_AUTOS = YES_AGGRESSIVE;
				GCC_WARN_UNUSED_FUNCTION = YES;
				GCC_WARN_UNUSED_VARIABLE = YES;
				IPHONEOS_DEPLOYMENT_TARGET = 17.2;
				LOCALIZATION_PREFERS_STRING_CATALOGS = YES;
				MTL_ENABLE_DEBUG_INFO = INCLUDE_SOURCE;
				MTL_FAST_MATH = YES;
				ONLY_ACTIVE_ARCH = YES;
				SDKROOT = iphoneos;
				SWIFT_ACTIVE_COMPILATION_CONDITIONS = "DEBUG $(inherited)";
				SWIFT_OPTIMIZATION_LEVEL = "-Onone";
			};
			name = Debug;
		};
		73AE6CBE2BA02CE400E255AD /* Release */ = {
			isa = XCBuildConfiguration;
			buildSettings = {
				ALWAYS_SEARCH_USER_PATHS = NO;
				ASSETCATALOG_COMPILER_GENERATE_SWIFT_ASSET_SYMBOL_EXTENSIONS = YES;
				CLANG_ANALYZER_NONNULL = YES;
				CLANG_ANALYZER_NUMBER_OBJECT_CONVERSION = YES_AGGRESSIVE;
				CLANG_CXX_LANGUAGE_STANDARD = "gnu++20";
				CLANG_ENABLE_MODULES = YES;
				CLANG_ENABLE_OBJC_ARC = YES;
				CLANG_ENABLE_OBJC_WEAK = YES;
				CLANG_WARN_BLOCK_CAPTURE_AUTORELEASING = YES;
				CLANG_WARN_BOOL_CONVERSION = YES;
				CLANG_WARN_COMMA = YES;
				CLANG_WARN_CONSTANT_CONVERSION = YES;
				CLANG_WARN_DEPRECATED_OBJC_IMPLEMENTATIONS = YES;
				CLANG_WARN_DIRECT_OBJC_ISA_USAGE = YES_ERROR;
				CLANG_WARN_DOCUMENTATION_COMMENTS = YES;
				CLANG_WARN_EMPTY_BODY = YES;
				CLANG_WARN_ENUM_CONVERSION = YES;
				CLANG_WARN_INFINITE_RECURSION = YES;
				CLANG_WARN_INT_CONVERSION = YES;
				CLANG_WARN_NON_LITERAL_NULL_CONVERSION = YES;
				CLANG_WARN_OBJC_IMPLICIT_RETAIN_SELF = YES;
				CLANG_WARN_OBJC_LITERAL_CONVERSION = YES;
				CLANG_WARN_OBJC_ROOT_CLASS = YES_ERROR;
				CLANG_WARN_QUOTED_INCLUDE_IN_FRAMEWORK_HEADER = YES;
				CLANG_WARN_RANGE_LOOP_ANALYSIS = YES;
				CLANG_WARN_STRICT_PROTOTYPES = YES;
				CLANG_WARN_SUSPICIOUS_MOVE = YES;
				CLANG_WARN_UNGUARDED_AVAILABILITY = YES_AGGRESSIVE;
				CLANG_WARN_UNREACHABLE_CODE = YES;
				CLANG_WARN__DUPLICATE_METHOD_MATCH = YES;
				COPY_PHASE_STRIP = NO;
				DEBUG_INFORMATION_FORMAT = "dwarf-with-dsym";
				ENABLE_NS_ASSERTIONS = NO;
				ENABLE_STRICT_OBJC_MSGSEND = YES;
				ENABLE_USER_SCRIPT_SANDBOXING = YES;
				GCC_C_LANGUAGE_STANDARD = gnu17;
				GCC_NO_COMMON_BLOCKS = YES;
				GCC_WARN_64_TO_32_BIT_CONVERSION = YES;
				GCC_WARN_ABOUT_RETURN_TYPE = YES_ERROR;
				GCC_WARN_UNDECLARED_SELECTOR = YES;
				GCC_WARN_UNINITIALIZED_AUTOS = YES_AGGRESSIVE;
				GCC_WARN_UNUSED_FUNCTION = YES;
				GCC_WARN_UNUSED_VARIABLE = YES;
				IPHONEOS_DEPLOYMENT_TARGET = 17.2;
				LOCALIZATION_PREFERS_STRING_CATALOGS = YES;
				MTL_ENABLE_DEBUG_INFO = NO;
				MTL_FAST_MATH = YES;
				SDKROOT = iphoneos;
				SWIFT_COMPILATION_MODE = wholemodule;
				VALIDATE_PRODUCT = YES;
			};
			name = Release;
		};
		73AE6CC02BA02CE400E255AD /* Debug */ = {
			isa = XCBuildConfiguration;
			buildSettings = {
				ASSETCATALOG_COMPILER_APPICON_NAME = AppIcon;
				ASSETCATALOG_COMPILER_GLOBAL_ACCENT_COLOR_NAME = AccentColor;
				CODE_SIGN_STYLE = Automatic;
				CURRENT_PROJECT_VERSION = 1;
				GENERATE_INFOPLIST_FILE = YES;
				INFOPLIST_FILE = "Auto Layout Demo/Info.plist";
				INFOPLIST_KEY_UIApplicationSupportsIndirectInputEvents = YES;
				INFOPLIST_KEY_UILaunchStoryboardName = LaunchScreen;
				INFOPLIST_KEY_UIMainStoryboardFile = Main;
				INFOPLIST_KEY_UISupportedInterfaceOrientations_iPad = "UIInterfaceOrientationPortrait UIInterfaceOrientationPortraitUpsideDown UIInterfaceOrientationLandscapeLeft UIInterfaceOrientationLandscapeRight";
				INFOPLIST_KEY_UISupportedInterfaceOrientations_iPhone = "UIInterfaceOrientationPortrait UIInterfaceOrientationLandscapeLeft UIInterfaceOrientationLandscapeRight";
				LD_RUNPATH_SEARCH_PATHS = (
					"$(inherited)",
					"@executable_path/Frameworks",
				);
				MARKETING_VERSION = 1.0;
				PRODUCT_BUNDLE_IDENTIFIER = "mscit.Auto-Layout-Demo";
				PRODUCT_NAME = "$(TARGET_NAME)";
				SWIFT_EMIT_LOC_STRINGS = YES;
				SWIFT_VERSION = 5.0;
				TARGETED_DEVICE_FAMILY = "1,2";
			};
			name = Debug;
		};
		73AE6CC12BA02CE400E255AD /* Release */ = {
			isa = XCBuildConfiguration;
			buildSettings = {
				ASSETCATALOG_COMPILER_APPICON_NAME = AppIcon;
				ASSETCATALOG_COMPILER_GLOBAL_ACCENT_COLOR_NAME = AccentColor;
				CODE_SIGN_STYLE = Automatic;
				CURRENT_PROJECT_VERSION = 1;
				GENERATE_INFOPLIST_FILE = YES;
				INFOPLIST_FILE = "Auto Layout Demo/Info.plist";
				INFOPLIST_KEY_UIApplicationSupportsIndirectInputEvents = YES;
				INFOPLIST_KEY_UILaunchStoryboardName = LaunchScreen;
				INFOPLIST_KEY_UIMainStoryboardFile = Main;
				INFOPLIST_KEY_UISupportedInterfaceOrientations_iPad = "UIInterfaceOrientationPortrait UIInterfaceOrientationPortraitUpsideDown UIInterfaceOrientationLandscapeLeft UIInterfaceOrientationLandscapeRight";
				INFOPLIST_KEY_UISupportedInterfaceOrientations_iPhone = "UIInterfaceOrientationPortrait UIInterfaceOrientationLandscapeLeft UIInterfaceOrientationLandscapeRight";
				LD_RUNPATH_SEARCH_PATHS = (
					"$(inherited)",
					"@executable_path/Frameworks",
				);
				MARKETING_VERSION = 1.0;
				PRODUCT_BUNDLE_IDENTIFIER = "mscit.Auto-Layout-Demo";
				PRODUCT_NAME = "$(TARGET_NAME)";
				SWIFT_EMIT_LOC_STRINGS = YES;
				SWIFT_VERSION = 5.0;
				TARGETED_DEVICE_FAMILY = "1,2";
			};
			name = Release;
		};
/* End XCBuildConfiguration section */

/* Begin XCConfigurationList section */
		73AE6CA32BA02CE300E255AD /* Build configuration list for PBXProject "Auto Layout Demo" */ = {
			isa = XCConfigurationList;
			buildConfigurations = (
				73AE6CBD2BA02CE400E255AD /* Debug */,
				73AE6CBE2BA02CE400E255AD /* Release */,
			);
			defaultConfigurationIsVisible = 0;
			defaultConfigurationName = Release;
		};
		73AE6CBF2BA02CE400E255AD /* Build configuration list for PBXNativeTarget "Auto Layout Demo" */ = {
			isa = XCConfigurationList;
			buildConfigurations = (
				73AE6CC02BA02CE400E255AD /* Debug */,
				73AE6CC12BA02CE400E255AD /* Release */,
			);
			defaultConfigurationIsVisible = 0;
			defaultConfigurationName = Release;
		};
/* End XCConfigurationList section */

/* Begin XCVersionGroup section */
		73AE6CB42BA02CE300E255AD /* Auto_Layout_Demo.xcdatamodeld */ = {
			isa = XCVersionGroup;
			children = (
				73AE6CB52BA02CE300E255AD /* Auto_Layout_Demo.xcdatamodel */,
			);
			currentVersion = 73AE6CB52BA02CE300E255AD /* Auto_Layout_Demo.xcdatamodel */;
			path = Auto_Layout_Demo.xcdatamodeld;
			sourceTree = "<group>";
			versionGroupType = wrapper.xcdatamodel;
		};
/* End XCVersionGroup section */
	};
	rootObject = 73AE6CA02BA02CE300E255AD /* Project object */;
}
