// !$*UTF8*$!
{
	archiveVersion = 1;
	classes = {
	};
	objectVersion = 56;
	objects = {

/* Begin PBXBuildFile section */
		73ABBA7D2BA2E4BD00543740 /* AppDelegate.swift in Sources */ = {isa = PBXBuildFile; fileRef = 73ABBA7C2BA2E4BD00543740 /* AppDelegate.swift */; };
		73ABBA7F2BA2E4BD00543740 /* SceneDelegate.swift in Sources */ = {isa = PBXBuildFile; fileRef = 73ABBA7E2BA2E4BD00543740 /* SceneDelegate.swift */; };
		73ABBA812BA2E4BD00543740 /* ViewController.swift in Sources */ = {isa = PBXBuildFile; fileRef = 73ABBA802BA2E4BD00543740 /* ViewController.swift */; };
		73ABBA842BA2E4BD00543740 /* Main.storyboard in Resources */ = {isa = PBXBuildFile; fileRef = 73ABBA822BA2E4BD00543740 /* Main.storyboard */; };
		73ABBA872BA2E4BD00543740 /* MapView_App.xcdatamodeld in Sources */ = {isa = PBXBuildFile; fileRef = 73ABBA852BA2E4BD00543740 /* MapView_App.xcdatamodeld */; };
		73ABBA892BA2E4BE00543740 /* Assets.xcassets in Resources */ = {isa = PBXBuildFile; fileRef = 73ABBA882BA2E4BE00543740 /* Assets.xcassets */; };
		73ABBA8C2BA2E4BE00543740 /* LaunchScreen.storyboard in Resources */ = {isa = PBXBuildFile; fileRef = 73ABBA8A2BA2E4BE00543740 /* LaunchScreen.storyboard */; };
/* End PBXBuildFile section */

/* Begin PBXFileReference section */
		73ABBA792BA2E4BD00543740 /* MapView App.app */ = {isa = PBXFileReference; explicitFileType = wrapper.application; includeInIndex = 0; path = "MapView App.app"; sourceTree = BUILT_PRODUCTS_DIR; };
		73ABBA7C2BA2E4BD00543740 /* AppDelegate.swift */ = {isa = PBXFileReference; lastKnownFileType = sourcecode.swift; path = AppDelegate.swift; sourceTree = "<group>"; };
		73ABBA7E2BA2E4BD00543740 /* SceneDelegate.swift */ = {isa = PBXFileReference; lastKnownFileType = sourcecode.swift; path = SceneDelegate.swift; sourceTree = "<group>"; };
		73ABBA802BA2E4BD00543740 /* ViewController.swift */ = {isa = PBXFileReference; lastKnownFileType = sourcecode.swift; path = ViewController.swift; sourceTree = "<group>"; };
		73ABBA832BA2E4BD00543740 /* Base */ = {isa = PBXFileReference; lastKnownFileType = file.storyboard; name = Base; path = Base.lproj/Main.storyboard; sourceTree = "<group>"; };
		73ABBA862BA2E4BD00543740 /* MapView_App.xcdatamodel */ = {isa = PBXFileReference; lastKnownFileType = wrapper.xcdatamodel; path = MapView_App.xcdatamodel; sourceTree = "<group>"; };
		73ABBA882BA2E4BE00543740 /* Assets.xcassets */ = {isa = PBXFileReference; lastKnownFileType = folder.assetcatalog; path = Assets.xcassets; sourceTree = "<group>"; };
		73ABBA8B2BA2E4BE00543740 /* Base */ = {isa = PBXFileReference; lastKnownFileType = file.storyboard; name = Base; path = Base.lproj/LaunchScreen.storyboard; sourceTree = "<group>"; };
		73ABBA8D2BA2E4BE00543740 /* Info.plist */ = {isa = PBXFileReference; lastKnownFileType = text.plist.xml; path = Info.plist; sourceTree = "<group>"; };
/* End PBXFileReference section */

/* Begin PBXFrameworksBuildPhase section */
		73ABBA762BA2E4BD00543740 /* Frameworks */ = {
			isa = PBXFrameworksBuildPhase;
			buildActionMask = 2147483647;
			files = (
			);
			runOnlyForDeploymentPostprocessing = 0;
		};
/* End PBXFrameworksBuildPhase section */

/* Begin PBXGroup section */
		73ABBA702BA2E4BD00543740 = {
			isa = PBXGroup;
			children = (
				73ABBA7B2BA2E4BD00543740 /* MapView App */,
				73ABBA7A2BA2E4BD00543740 /* Products */,
			);
			sourceTree = "<group>";
		};
		73ABBA7A2BA2E4BD00543740 /* Products */ = {
			isa = PBXGroup;
			children = (
				73ABBA792BA2E4BD00543740 /* MapView App.app */,
			);
			name = Products;
			sourceTree = "<group>";
		};
		73ABBA7B2BA2E4BD00543740 /* MapView App */ = {
			isa = PBXGroup;
			children = (
				73ABBA7C2BA2E4BD00543740 /* AppDelegate.swift */,
				73ABBA7E2BA2E4BD00543740 /* SceneDelegate.swift */,
				73ABBA802BA2E4BD00543740 /* ViewController.swift */,
				73ABBA822BA2E4BD00543740 /* Main.storyboard */,
				73ABBA882BA2E4BE00543740 /* Assets.xcassets */,
				73ABBA8A2BA2E4BE00543740 /* LaunchScreen.storyboard */,
				73ABBA8D2BA2E4BE00543740 /* Info.plist */,
				73ABBA852BA2E4BD00543740 /* MapView_App.xcdatamodeld */,
			);
			path = "MapView App";
			sourceTree = "<group>";
		};
/* End PBXGroup section */

/* Begin PBXNativeTarget section */
		73ABBA782BA2E4BD00543740 /* MapView App */ = {
			isa = PBXNativeTarget;
			buildConfigurationList = 73ABBA902BA2E4BE00543740 /* Build configuration list for PBXNativeTarget "MapView App" */;
			buildPhases = (
				73ABBA752BA2E4BD00543740 /* Sources */,
				73ABBA762BA2E4BD00543740 /* Frameworks */,
				73ABBA772BA2E4BD00543740 /* Resources */,
			);
			buildRules = (
			);
			dependencies = (
			);
			name = "MapView App";
			productName = "MapView App";
			productReference = 73ABBA792BA2E4BD00543740 /* MapView App.app */;
			productType = "com.apple.product-type.application";
		};
/* End PBXNativeTarget section */

/* Begin PBXProject section */
		73ABBA712BA2E4BD00543740 /* Project object */ = {
			isa = PBXProject;
			attributes = {
				BuildIndependentTargetsInParallel = 1;
				LastSwiftUpdateCheck = 1520;
				LastUpgradeCheck = 1520;
				TargetAttributes = {
					73ABBA782BA2E4BD00543740 = {
						CreatedOnToolsVersion = 15.2;
					};
				};
			};
			buildConfigurationList = 73ABBA742BA2E4BD00543740 /* Build configuration list for PBXProject "MapView App" */;
			compatibilityVersion = "Xcode 14.0";
			developmentRegion = en;
			hasScannedForEncodings = 0;
			knownRegions = (
				en,
				Base,
			);
			mainGroup = 73ABBA702BA2E4BD00543740;
			productRefGroup = 73ABBA7A2BA2E4BD00543740 /* Products */;
			projectDirPath = "";
			projectRoot = "";
			targets = (
				73ABBA782BA2E4BD00543740 /* MapView App */,
			);
		};
/* End PBXProject section */

/* Begin PBXResourcesBuildPhase section */
		73ABBA772BA2E4BD00543740 /* Resources */ = {
			isa = PBXResourcesBuildPhase;
			buildActionMask = 2147483647;
			files = (
				73ABBA8C2BA2E4BE00543740 /* LaunchScreen.storyboard in Resources */,
				73ABBA892BA2E4BE00543740 /* Assets.xcassets in Resources */,
				73ABBA842BA2E4BD00543740 /* Main.storyboard in Resources */,
			);
			runOnlyForDeploymentPostprocessing = 0;
		};
/* End PBXResourcesBuildPhase section */

/* Begin PBXSourcesBuildPhase section */
		73ABBA752BA2E4BD00543740 /* Sources */ = {
			isa = PBXSourcesBuildPhase;
			buildActionMask = 2147483647;
			files = (
				73ABBA812BA2E4BD00543740 /* ViewController.swift in Sources */,
				73ABBA872BA2E4BD00543740 /* MapView_App.xcdatamodeld in Sources */,
				73ABBA7D2BA2E4BD00543740 /* AppDelegate.swift in Sources */,
				73ABBA7F2BA2E4BD00543740 /* SceneDelegate.swift in Sources */,
			);
			runOnlyForDeploymentPostprocessing = 0;
		};
/* End PBXSourcesBuildPhase section */

/* Begin PBXVariantGroup section */
		73ABBA822BA2E4BD00543740 /* Main.storyboard */ = {
			isa = PBXVariantGroup;
			children = (
				73ABBA832BA2E4BD00543740 /* Base */,
			);
			name = Main.storyboard;
			sourceTree = "<group>";
		};
		73ABBA8A2BA2E4BE00543740 /* LaunchScreen.storyboard */ = {
			isa = PBXVariantGroup;
			children = (
				73ABBA8B2BA2E4BE00543740 /* Base */,
			);
			name = LaunchScreen.storyboard;
			sourceTree = "<group>";
		};
/* End PBXVariantGroup section */

/* Begin XCBuildConfiguration section */
		73ABBA8E2BA2E4BE00543740 /* Debug */ = {
			isa = XCBuildConfiguration;
			buildSettings = {
				ALWAYS_SEARCH_USER_PATHS = NO;
				ASSETCATALOG_COMPILER_GENERATE_SWIFT_ASSET_SYMBOL_EXTENSIONS = YES;
				CLANG_ANALYZER_NONNULL = YES;
				CLANG_ANALYZER_NUMBER_OBJECT_CONVERSION = YES_AGGRESSIVE;
				CLANG_CXX_LANGUAGE_STANDARD = "gnu++20";
				CLANG_ENABLE_MODULES = YES;
				CLANG_ENABLE_OBJC_ARC = YES;
				CLANG_ENABLE_OBJC_WEAK = YES;
				CLANG_WARN_BLOCK_CAPTURE_AUTORELEASING = YES;
				CLANG_WARN_BOOL_CONVERSION = YES;
				CLANG_WARN_COMMA = YES;
				CLANG_WARN_CONSTANT_CONVERSION = YES;
				CLANG_WARN_DEPRECATED_OBJC_IMPLEMENTATIONS = YES;
				CLANG_WARN_DIRECT_OBJC_ISA_USAGE = YES_ERROR;
				CLANG_WARN_DOCUMENTATION_COMMENTS = YES;
				CLANG_WARN_EMPTY_BODY = YES;
				CLANG_WARN_ENUM_CONVERSION = YES;
				CLANG_WARN_INFINITE_RECURSION = YES;
				CLANG_WARN_INT_CONVERSION = YES;
				CLANG_WARN_NON_LITERAL_NULL_CONVERSION = YES;
				CLANG_WARN_OBJC_IMPLICIT_RETAIN_SELF = YES;
				CLANG_WARN_OBJC_LITERAL_CONVERSION = YES;
				CLANG_WARN_OBJC_ROOT_CLASS = YES_ERROR;
				CLANG_WARN_QUOTED_INCLUDE_IN_FRAMEWORK_HEADER = YES;
				CLANG_WARN_RANGE_LOOP_ANALYSIS = YES;
				CLANG_WARN_STRICT_PROTOTYPES = YES;
				CLANG_WARN_SUSPICIOUS_MOVE = YES;
				CLANG_WARN_UNGUARDED_AVAILABILITY = YES_AGGRESSIVE;
				CLANG_WARN_UNREACHABLE_CODE = YES;
				CLANG_WARN__DUPLICATE_METHOD_MATCH = YES;
				COPY_PHASE_STRIP = NO;
				DEBUG_INFORMATION_FORMAT = dwarf;
				ENABLE_STRICT_OBJC_MSGSEND = YES;
				ENABLE_TESTABILITY = YES;
				ENABLE_USER_SCRIPT_SANDBOXING = YES;
				GCC_C_LANGUAGE_STANDARD = gnu17;
				GCC_DYNAMIC_NO_PIC = NO;
				GCC_NO_COMMON_BLOCKS = YES;
				GCC_OPTIMIZATION_LEVEL = 0;
				GCC_PREPROCESSOR_DEFINITIONS = (
					"DEBUG=1",
					"$(inherited)",
				);
				GCC_WARN_64_TO_32_BIT_CONVERSION = YES;
				GCC_WARN_ABOUT_RETURN_TYPE = YES_ERROR;
				GCC_WARN_UNDECLARED_SELECTOR = YES;
				GCC_WARN_UNINITIALIZED_AUTOS = YES_AGGRESSIVE;
				GCC_WARN_UNUSED_FUNCTION = YES;
				GCC_WARN_UNUSED_VARIABLE = YES;
				IPHONEOS_DEPLOYMENT_TARGET = 17.2;
				LOCALIZATION_PREFERS_STRING_CATALOGS = YES;
				MTL_ENABLE_DEBUG_INFO = INCLUDE_SOURCE;
				MTL_FAST_MATH = YES;
				ONLY_ACTIVE_ARCH = YES;
				SDKROOT = iphoneos;
				SWIFT_ACTIVE_COMPILATION_CONDITIONS = "DEBUG $(inherited)";
				SWIFT_OPTIMIZATION_LEVEL = "-Onone";
			};
			name = Debug;
		};
		73ABBA8F2BA2E4BE00543740 /* Release */ = {
			isa = XCBuildConfiguration;
			buildSettings = {
				ALWAYS_SEARCH_USER_PATHS = NO;
				ASSETCATALOG_COMPILER_GENERATE_SWIFT_ASSET_SYMBOL_EXTENSIONS = YES;
				CLANG_ANALYZER_NONNULL = YES;
				CLANG_ANALYZER_NUMBER_OBJECT_CONVERSION = YES_AGGRESSIVE;
				CLANG_CXX_LANGUAGE_STANDARD = "gnu++20";
				CLANG_ENABLE_MODULES = YES;
				CLANG_ENABLE_OBJC_ARC = YES;
				CLANG_ENABLE_OBJC_WEAK = YES;
				CLANG_WARN_BLOCK_CAPTURE_AUTORELEASING = YES;
				CLANG_WARN_BOOL_CONVERSION = YES;
				CLANG_WARN_COMMA = YES;
				CLANG_WARN_CONSTANT_CONVERSION = YES;
				CLANG_WARN_DEPRECATED_OBJC_IMPLEMENTATIONS = YES;
				CLANG_WARN_DIRECT_OBJC_ISA_USAGE = YES_ERROR;
				CLANG_WARN_DOCUMENTATION_COMMENTS = YES;
				CLANG_WARN_EMPTY_BODY = YES;
				CLANG_WARN_ENUM_CONVERSION = YES;
				CLANG_WARN_INFINITE_RECURSION = YES;
				CLANG_WARN_INT_CONVERSION = YES;
				CLANG_WARN_NON_LITERAL_NULL_CONVERSION = YES;
				CLANG_WARN_OBJC_IMPLICIT_RETAIN_SELF = YES;
				CLANG_WARN_OBJC_LITERAL_CONVERSION = YES;
				CLANG_WARN_OBJC_ROOT_CLASS = YES_ERROR;
				CLANG_WARN_QUOTED_INCLUDE_IN_FRAMEWORK_HEADER = YES;
				CLANG_WARN_RANGE_LOOP_ANALYSIS = YES;
				CLANG_WARN_STRICT_PROTOTYPES = YES;
				CLANG_WARN_SUSPICIOUS_MOVE = YES;
				CLANG_WARN_UNGUARDED_AVAILABILITY = YES_AGGRESSIVE;
				CLANG_WARN_UNREACHABLE_CODE = YES;
				CLANG_WARN__DUPLICATE_METHOD_MATCH = YES;
				COPY_PHASE_STRIP = NO;
				DEBUG_INFORMATION_FORMAT = "dwarf-with-dsym";
				ENABLE_NS_ASSERTIONS = NO;
				ENABLE_STRICT_OBJC_MSGSEND = YES;
				ENABLE_USER_SCRIPT_SANDBOXING = YES;
				GCC_C_LANGUAGE_STANDARD = gnu17;
				GCC_NO_COMMON_BLOCKS = YES;
				GCC_WARN_64_TO_32_BIT_CONVERSION = YES;
				GCC_WARN_ABOUT_RETURN_TYPE = YES_ERROR;
				GCC_WARN_UNDECLARED_SELECTOR = YES;
				GCC_WARN_UNINITIALIZED_AUTOS = YES_AGGRESSIVE;
				GCC_WARN_UNUSED_FUNCTION = YES;
				GCC_WARN_UNUSED_VARIABLE = YES;
				IPHONEOS_DEPLOYMENT_TARGET = 17.2;
				LOCALIZATION_PREFERS_STRING_CATALOGS = YES;
				MTL_ENABLE_DEBUG_INFO = NO;
				MTL_FAST_MATH = YES;
				SDKROOT = iphoneos;
				SWIFT_COMPILATION_MODE = wholemodule;
				VALIDATE_PRODUCT = YES;
			};
			name = Release;
		};
		73ABBA912BA2E4BE00543740 /* Debug */ = {
			isa = XCBuildConfiguration;
			buildSettings = {
				ASSETCATALOG_COMPILER_APPICON_NAME = AppIcon;
				ASSETCATALOG_COMPILER_GLOBAL_ACCENT_COLOR_NAME = AccentColor;
				CODE_SIGN_STYLE = Automatic;
				CURRENT_PROJECT_VERSION = 1;
				GENERATE_INFOPLIST_FILE = YES;
				INFOPLIST_FILE = "MapView App/Info.plist";
				INFOPLIST_KEY_UIApplicationSupportsIndirectInputEvents = YES;
				INFOPLIST_KEY_UILaunchStoryboardName = LaunchScreen;
				INFOPLIST_KEY_UIMainStoryboardFile = Main;
				INFOPLIST_KEY_UISupportedInterfaceOrientations_iPad = "UIInterfaceOrientationPortrait UIInterfaceOrientationPortraitUpsideDown UIInterfaceOrientationLandscapeLeft UIInterfaceOrientationLandscapeRight";
				INFOPLIST_KEY_UISupportedInterfaceOrientations_iPhone = "UIInterfaceOrientationPortrait UIInterfaceOrientationLandscapeLeft UIInterfaceOrientationLandscapeRight";
				LD_RUNPATH_SEARCH_PATHS = (
					"$(inherited)",
					"@executable_path/Frameworks",
				);
				MARKETING_VERSION = 1.0;
				PRODUCT_BUNDLE_IDENTIFIER = "mscit.MapView-App";
				PRODUCT_NAME = "$(TARGET_NAME)";
				SWIFT_EMIT_LOC_STRINGS = YES;
				SWIFT_VERSION = 5.0;
				TARGETED_DEVICE_FAMILY = "1,2";
			};
			name = Debug;
		};
		73ABBA922BA2E4BE00543740 /* Release */ = {
			isa = XCBuildConfiguration;
			buildSettings = {
				ASSETCATALOG_COMPILER_APPICON_NAME = AppIcon;
				ASSETCATALOG_COMPILER_GLOBAL_ACCENT_COLOR_NAME = AccentColor;
				CODE_SIGN_STYLE = Automatic;
				CURRENT_PROJECT_VERSION = 1;
				GENERATE_INFOPLIST_FILE = YES;
				INFOPLIST_FILE = "MapView App/Info.plist";
				INFOPLIST_KEY_UIApplicationSupportsIndirectInputEvents = YES;
				INFOPLIST_KEY_UILaunchStoryboardName = LaunchScreen;
				INFOPLIST_KEY_UIMainStoryboardFile = Main;
				INFOPLIST_KEY_UISupportedInterfaceOrientations_iPad = "UIInterfaceOrientationPortrait UIInterfaceOrientationPortraitUpsideDown UIInterfaceOrientationLandscapeLeft UIInterfaceOrientationLandscapeRight";
				INFOPLIST_KEY_UISupportedInterfaceOrientations_iPhone = "UIInterfaceOrientationPortrait UIInterfaceOrientationLandscapeLeft UIInterfaceOrientationLandscapeRight";
				LD_RUNPATH_SEARCH_PATHS = (
					"$(inherited)",
					"@executable_path/Frameworks",
				);
				MARKETING_VERSION = 1.0;
				PRODUCT_BUNDLE_IDENTIFIER = "mscit.MapView-App";
				PRODUCT_NAME = "$(TARGET_NAME)";
				SWIFT_EMIT_LOC_STRINGS = YES;
				SWIFT_VERSION = 5.0;
				TARGETED_DEVICE_FAMILY = "1,2";
			};
			name = Release;
		};
/* End XCBuildConfiguration section */

/* Begin XCConfigurationList section */
		73ABBA742BA2E4BD00543740 /* Build configuration list for PBXProject "MapView App" */ = {
			isa = XCConfigurationList;
			buildConfigurations = (
				73ABBA8E2BA2E4BE00543740 /* Debug */,
				73ABBA8F2BA2E4BE00543740 /* Release */,
			);
			defaultConfigurationIsVisible = 0;
			defaultConfigurationName = Release;
		};
		73ABBA902BA2E4BE00543740 /* Build configuration list for PBXNativeTarget "MapView App" */ = {
			isa = XCConfigurationList;
			buildConfigurations = (
				73ABBA912BA2E4BE00543740 /* Debug */,
				73ABBA922BA2E4BE00543740 /* Release */,
			);
			defaultConfigurationIsVisible = 0;
			defaultConfigurationName = Release;
		};
/* End XCConfigurationList section */

/* Begin XCVersionGroup section */
		73ABBA852BA2E4BD00543740 /* MapView_App.xcdatamodeld */ = {
			isa = XCVersionGroup;
			children = (
				73ABBA862BA2E4BD00543740 /* MapView_App.xcdatamodel */,
			);
			currentVersion = 73ABBA862BA2E4BD00543740 /* MapView_App.xcdatamodel */;
			path = MapView_App.xcdatamodeld;
			sourceTree = "<group>";
			versionGroupType = wrapper.xcdatamodel;
		};
/* End XCVersionGroup section */
	};
	rootObject = 73ABBA712BA2E4BD00543740 /* Project object */;
}
