// !$*UTF8*$!
{
	archiveVersion = 1;
	classes = {
	};
	objectVersion = 56;
	objects = {

/* Begin PBXBuildFile section */
		737A1C0A2BA9641A001D638F /* AppDelegate.swift in Sources */ = {isa = PBXBuildFile; fileRef = 737A1C092BA9641A001D638F /* AppDelegate.swift */; };
		737A1C0C2BA9641A001D638F /* SceneDelegate.swift in Sources */ = {isa = PBXBuildFile; fileRef = 737A1C0B2BA9641A001D638F /* SceneDelegate.swift */; };
		737A1C0E2BA9641A001D638F /* ViewController.swift in Sources */ = {isa = PBXBuildFile; fileRef = 737A1C0D2BA9641A001D638F /* ViewController.swift */; };
		737A1C112BA9641A001D638F /* Main.storyboard in Resources */ = {isa = PBXBuildFile; fileRef = 737A1C0F2BA9641A001D638F /* Main.storyboard */; };
		737A1C142BA9641A001D638F /* ScrollVieew_App.xcdatamodeld in Sources */ = {isa = PBXBuildFile; fileRef = 737A1C122BA9641A001D638F /* ScrollVieew_App.xcdatamodeld */; };
		737A1C162BA9641B001D638F /* Assets.xcassets in Resources */ = {isa = PBXBuildFile; fileRef = 737A1C152BA9641B001D638F /* Assets.xcassets */; };
		737A1C192BA9641B001D638F /* LaunchScreen.storyboard in Resources */ = {isa = PBXBuildFile; fileRef = 737A1C172BA9641B001D638F /* LaunchScreen.storyboard */; };
		737A1C212BA964EE001D638F /* img3.jpeg in Resources */ = {isa = PBXBuildFile; fileRef = 737A1C202BA964EE001D638F /* img3.jpeg */; };
		737A1C232BA9688F001D638F /* img1.jpeg in Resources */ = {isa = PBXBuildFile; fileRef = 737A1C222BA9688F001D638F /* img1.jpeg */; };
/* End PBXBuildFile section */

/* Begin PBXFileReference section */
		737A1C062BA9641A001D638F /* ScrollVieew App.app */ = {isa = PBXFileReference; explicitFileType = wrapper.application; includeInIndex = 0; path = "ScrollVieew App.app"; sourceTree = BUILT_PRODUCTS_DIR; };
		737A1C092BA9641A001D638F /* AppDelegate.swift */ = {isa = PBXFileReference; lastKnownFileType = sourcecode.swift; path = AppDelegate.swift; sourceTree = "<group>"; };
		737A1C0B2BA9641A001D638F /* SceneDelegate.swift */ = {isa = PBXFileReference; lastKnownFileType = sourcecode.swift; path = SceneDelegate.swift; sourceTree = "<group>"; };
		737A1C0D2BA9641A001D638F /* ViewController.swift */ = {isa = PBXFileReference; lastKnownFileType = sourcecode.swift; path = ViewController.swift; sourceTree = "<group>"; };
		737A1C102BA9641A001D638F /* Base */ = {isa = PBXFileReference; lastKnownFileType = file.storyboard; name = Base; path = Base.lproj/Main.storyboard; sourceTree = "<group>"; };
		737A1C132BA9641A001D638F /* ScrollVieew_App.xcdatamodel */ = {isa = PBXFileReference; lastKnownFileType = wrapper.xcdatamodel; path = ScrollVieew_App.xcdatamodel; sourceTree = "<group>"; };
		737A1C152BA9641B001D638F /* Assets.xcassets */ = {isa = PBXFileReference; lastKnownFileType = folder.assetcatalog; path = Assets.xcassets; sourceTree = "<group>"; };
		737A1C182BA9641B001D638F /* Base */ = {isa = PBXFileReference; lastKnownFileType = file.storyboard; name = Base; path = Base.lproj/LaunchScreen.storyboard; sourceTree = "<group>"; };
		737A1C1A2BA9641B001D638F /* Info.plist */ = {isa = PBXFileReference; lastKnownFileType = text.plist.xml; path = Info.plist; sourceTree = "<group>"; };
		737A1C202BA964EE001D638F /* img3.jpeg */ = {isa = PBXFileReference; lastKnownFileType = image.jpeg; name = img3.jpeg; path = ../../../../Downloads/img3.jpeg; sourceTree = "<group>"; };
		737A1C222BA9688F001D638F /* img1.jpeg */ = {isa = PBXFileReference; lastKnownFileType = image.jpeg; name = img1.jpeg; path = ../../../../Downloads/img1.jpeg; sourceTree = "<group>"; };
/* End PBXFileReference section */

/* Begin PBXFrameworksBuildPhase section */
		737A1C032BA9641A001D638F /* Frameworks */ = {
			isa = PBXFrameworksBuildPhase;
			buildActionMask = 2147483647;
			files = (
			);
			runOnlyForDeploymentPostprocessing = 0;
		};
/* End PBXFrameworksBuildPhase section */

/* Begin PBXGroup section */
		737A1BFD2BA9641A001D638F = {
			isa = PBXGroup;
			children = (
				737A1C082BA9641A001D638F /* ScrollVieew App */,
				737A1C072BA9641A001D638F /* Products */,
			);
			sourceTree = "<group>";
		};
		737A1C072BA9641A001D638F /* Products */ = {
			isa = PBXGroup;
			children = (
				737A1C062BA9641A001D638F /* ScrollVieew App.app */,
			);
			name = Products;
			sourceTree = "<group>";
		};
		737A1C082BA9641A001D638F /* ScrollVieew App */ = {
			isa = PBXGroup;
			children = (
				737A1C222BA9688F001D638F /* img1.jpeg */,
				737A1C202BA964EE001D638F /* img3.jpeg */,
				737A1C092BA9641A001D638F /* AppDelegate.swift */,
				737A1C0B2BA9641A001D638F /* SceneDelegate.swift */,
				737A1C0D2BA9641A001D638F /* ViewController.swift */,
				737A1C0F2BA9641A001D638F /* Main.storyboard */,
				737A1C152BA9641B001D638F /* Assets.xcassets */,
				737A1C172BA9641B001D638F /* LaunchScreen.storyboard */,
				737A1C1A2BA9641B001D638F /* Info.plist */,
				737A1C122BA9641A001D638F /* ScrollVieew_App.xcdatamodeld */,
			);
			path = "ScrollVieew App";
			sourceTree = "<group>";
		};
/* End PBXGroup section */

/* Begin PBXNativeTarget section */
		737A1C052BA9641A001D638F /* ScrollVieew App */ = {
			isa = PBXNativeTarget;
			buildConfigurationList = 737A1C1D2BA9641B001D638F /* Build configuration list for PBXNativeTarget "ScrollVieew App" */;
			buildPhases = (
				737A1C022BA9641A001D638F /* Sources */,
				737A1C032BA9641A001D638F /* Frameworks */,
				737A1C042BA9641A001D638F /* Resources */,
			);
			buildRules = (
			);
			dependencies = (
			);
			name = "ScrollVieew App";
			productName = "ScrollVieew App";
			productReference = 737A1C062BA9641A001D638F /* ScrollVieew App.app */;
			productType = "com.apple.product-type.application";
		};
/* End PBXNativeTarget section */

/* Begin PBXProject section */
		737A1BFE2BA9641A001D638F /* Project object */ = {
			isa = PBXProject;
			attributes = {
				BuildIndependentTargetsInParallel = 1;
				LastSwiftUpdateCheck = 1520;
				LastUpgradeCheck = 1520;
				TargetAttributes = {
					737A1C052BA9641A001D638F = {
						CreatedOnToolsVersion = 15.2;
					};
				};
			};
			buildConfigurationList = 737A1C012BA9641A001D638F /* Build configuration list for PBXProject "ScrollVieew App" */;
			compatibilityVersion = "Xcode 14.0";
			developmentRegion = en;
			hasScannedForEncodings = 0;
			knownRegions = (
				en,
				Base,
			);
			mainGroup = 737A1BFD2BA9641A001D638F;
			productRefGroup = 737A1C072BA9641A001D638F /* Products */;
			projectDirPath = "";
			projectRoot = "";
			targets = (
				737A1C052BA9641A001D638F /* ScrollVieew App */,
			);
		};
/* End PBXProject section */

/* Begin PBXResourcesBuildPhase section */
		737A1C042BA9641A001D638F /* Resources */ = {
			isa = PBXResourcesBuildPhase;
			buildActionMask = 2147483647;
			files = (
				737A1C232BA9688F001D638F /* img1.jpeg in Resources */,
				737A1C192BA9641B001D638F /* LaunchScreen.storyboard in Resources */,
				737A1C212BA964EE001D638F /* img3.jpeg in Resources */,
				737A1C162BA9641B001D638F /* Assets.xcassets in Resources */,
				737A1C112BA9641A001D638F /* Main.storyboard in Resources */,
			);
			runOnlyForDeploymentPostprocessing = 0;
		};
/* End PBXResourcesBuildPhase section */

/* Begin PBXSourcesBuildPhase section */
		737A1C022BA9641A001D638F /* Sources */ = {
			isa = PBXSourcesBuildPhase;
			buildActionMask = 2147483647;
			files = (
				737A1C0E2BA9641A001D638F /* ViewController.swift in Sources */,
				737A1C0A2BA9641A001D638F /* AppDelegate.swift in Sources */,
				737A1C0C2BA9641A001D638F /* SceneDelegate.swift in Sources */,
				737A1C142BA9641A001D638F /* ScrollVieew_App.xcdatamodeld in Sources */,
			);
			runOnlyForDeploymentPostprocessing = 0;
		};
/* End PBXSourcesBuildPhase section */

/* Begin PBXVariantGroup section */
		737A1C0F2BA9641A001D638F /* Main.storyboard */ = {
			isa = PBXVariantGroup;
			children = (
				737A1C102BA9641A001D638F /* Base */,
			);
			name = Main.storyboard;
			sourceTree = "<group>";
		};
		737A1C172BA9641B001D638F /* LaunchScreen.storyboard */ = {
			isa = PBXVariantGroup;
			children = (
				737A1C182BA9641B001D638F /* Base */,
			);
			name = LaunchScreen.storyboard;
			sourceTree = "<group>";
		};
/* End PBXVariantGroup section */

/* Begin XCBuildConfiguration section */
		737A1C1B2BA9641B001D638F /* Debug */ = {
			isa = XCBuildConfiguration;
			buildSettings = {
				ALWAYS_SEARCH_USER_PATHS = NO;
				ASSETCATALOG_COMPILER_GENERATE_SWIFT_ASSET_SYMBOL_EXTENSIONS = YES;
				CLANG_ANALYZER_NONNULL = YES;
				CLANG_ANALYZER_NUMBER_OBJECT_CONVERSION = YES_AGGRESSIVE;
				CLANG_CXX_LANGUAGE_STANDARD = "gnu++20";
				CLANG_ENABLE_MODULES = YES;
				CLANG_ENABLE_OBJC_ARC = YES;
				CLANG_ENABLE_OBJC_WEAK = YES;
				CLANG_WARN_BLOCK_CAPTURE_AUTORELEASING = YES;
				CLANG_WARN_BOOL_CONVERSION = YES;
				CLANG_WARN_COMMA = YES;
				CLANG_WARN_CONSTANT_CONVERSION = YES;
				CLANG_WARN_DEPRECATED_OBJC_IMPLEMENTATIONS = YES;
				CLANG_WARN_DIRECT_OBJC_ISA_USAGE = YES_ERROR;
				CLANG_WARN_DOCUMENTATION_COMMENTS = YES;
				CLANG_WARN_EMPTY_BODY = YES;
				CLANG_WARN_ENUM_CONVERSION = YES;
				CLANG_WARN_INFINITE_RECURSION = YES;
				CLANG_WARN_INT_CONVERSION = YES;
				CLANG_WARN_NON_LITERAL_NULL_CONVERSION = YES;
				CLANG_WARN_OBJC_IMPLICIT_RETAIN_SELF = YES;
				CLANG_WARN_OBJC_LITERAL_CONVERSION = YES;
				CLANG_WARN_OBJC_ROOT_CLASS = YES_ERROR;
				CLANG_WARN_QUOTED_INCLUDE_IN_FRAMEWORK_HEADER = YES;
				CLANG_WARN_RANGE_LOOP_ANALYSIS = YES;
				CLANG_WARN_STRICT_PROTOTYPES = YES;
				CLANG_WARN_SUSPICIOUS_MOVE = YES;
				CLANG_WARN_UNGUARDED_AVAILABILITY = YES_AGGRESSIVE;
				CLANG_WARN_UNREACHABLE_CODE = YES;
				CLANG_WARN__DUPLICATE_METHOD_MATCH = YES;
				COPY_PHASE_STRIP = NO;
				DEBUG_INFORMATION_FORMAT = dwarf;
				ENABLE_STRICT_OBJC_MSGSEND = YES;
				ENABLE_TESTABILITY = YES;
				ENABLE_USER_SCRIPT_SANDBOXING = YES;
				GCC_C_LANGUAGE_STANDARD = gnu17;
				GCC_DYNAMIC_NO_PIC = NO;
				GCC_NO_COMMON_BLOCKS = YES;
				GCC_OPTIMIZATION_LEVEL = 0;
				GCC_PREPROCESSOR_DEFINITIONS = (
					"DEBUG=1",
					"$(inherited)",
				);
				GCC_WARN_64_TO_32_BIT_CONVERSION = YES;
				GCC_WARN_ABOUT_RETURN_TYPE = YES_ERROR;
				GCC_WARN_UNDECLARED_SELECTOR = YES;
				GCC_WARN_UNINITIALIZED_AUTOS = YES_AGGRESSIVE;
				GCC_WARN_UNUSED_FUNCTION = YES;
				GCC_WARN_UNUSED_VARIABLE = YES;
				IPHONEOS_DEPLOYMENT_TARGET = 17.2;
				LOCALIZATION_PREFERS_STRING_CATALOGS = YES;
				MTL_ENABLE_DEBUG_INFO = INCLUDE_SOURCE;
				MTL_FAST_MATH = YES;
				ONLY_ACTIVE_ARCH = YES;
				SDKROOT = iphoneos;
				SWIFT_ACTIVE_COMPILATION_CONDITIONS = "DEBUG $(inherited)";
				SWIFT_OPTIMIZATION_LEVEL = "-Onone";
			};
			name = Debug;
		};
		737A1C1C2BA9641B001D638F /* Release */ = {
			isa = XCBuildConfiguration;
			buildSettings = {
				ALWAYS_SEARCH_USER_PATHS = NO;
				ASSETCATALOG_COMPILER_GENERATE_SWIFT_ASSET_SYMBOL_EXTENSIONS = YES;
				CLANG_ANALYZER_NONNULL = YES;
				CLANG_ANALYZER_NUMBER_OBJECT_CONVERSION = YES_AGGRESSIVE;
				CLANG_CXX_LANGUAGE_STANDARD = "gnu++20";
				CLANG_ENABLE_MODULES = YES;
				CLANG_ENABLE_OBJC_ARC = YES;
				CLANG_ENABLE_OBJC_WEAK = YES;
				CLANG_WARN_BLOCK_CAPTURE_AUTORELEASING = YES;
				CLANG_WARN_BOOL_CONVERSION = YES;
				CLANG_WARN_COMMA = YES;
				CLANG_WARN_CONSTANT_CONVERSION = YES;
				CLANG_WARN_DEPRECATED_OBJC_IMPLEMENTATIONS = YES;
				CLANG_WARN_DIRECT_OBJC_ISA_USAGE = YES_ERROR;
				CLANG_WARN_DOCUMENTATION_COMMENTS = YES;
				CLANG_WARN_EMPTY_BODY = YES;
				CLANG_WARN_ENUM_CONVERSION = YES;
				CLANG_WARN_INFINITE_RECURSION = YES;
				CLANG_WARN_INT_CONVERSION = YES;
				CLANG_WARN_NON_LITERAL_NULL_CONVERSION = YES;
				CLANG_WARN_OBJC_IMPLICIT_RETAIN_SELF = YES;
				CLANG_WARN_OBJC_LITERAL_CONVERSION = YES;
				CLANG_WARN_OBJC_ROOT_CLASS = YES_ERROR;
				CLANG_WARN_QUOTED_INCLUDE_IN_FRAMEWORK_HEADER = YES;
				CLANG_WARN_RANGE_LOOP_ANALYSIS = YES;
				CLANG_WARN_STRICT_PROTOTYPES = YES;
				CLANG_WARN_SUSPICIOUS_MOVE = YES;
				CLANG_WARN_UNGUARDED_AVAILABILITY = YES_AGGRESSIVE;
				CLANG_WARN_UNREACHABLE_CODE = YES;
				CLANG_WARN__DUPLICATE_METHOD_MATCH = YES;
				COPY_PHASE_STRIP = NO;
				DEBUG_INFORMATION_FORMAT = "dwarf-with-dsym";
				ENABLE_NS_ASSERTIONS = NO;
				ENABLE_STRICT_OBJC_MSGSEND = YES;
				ENABLE_USER_SCRIPT_SANDBOXING = YES;
				GCC_C_LANGUAGE_STANDARD = gnu17;
				GCC_NO_COMMON_BLOCKS = YES;
				GCC_WARN_64_TO_32_BIT_CONVERSION = YES;
				GCC_WARN_ABOUT_RETURN_TYPE = YES_ERROR;
				GCC_WARN_UNDECLARED_SELECTOR = YES;
				GCC_WARN_UNINITIALIZED_AUTOS = YES_AGGRESSIVE;
				GCC_WARN_UNUSED_FUNCTION = YES;
				GCC_WARN_UNUSED_VARIABLE = YES;
				IPHONEOS_DEPLOYMENT_TARGET = 17.2;
				LOCALIZATION_PREFERS_STRING_CATALOGS = YES;
				MTL_ENABLE_DEBUG_INFO = NO;
				MTL_FAST_MATH = YES;
				SDKROOT = iphoneos;
				SWIFT_COMPILATION_MODE = wholemodule;
				VALIDATE_PRODUCT = YES;
			};
			name = Release;
		};
		737A1C1E2BA9641B001D638F /* Debug */ = {
			isa = XCBuildConfiguration;
			buildSettings = {
				ASSETCATALOG_COMPILER_APPICON_NAME = AppIcon;
				ASSETCATALOG_COMPILER_GLOBAL_ACCENT_COLOR_NAME = AccentColor;
				CODE_SIGN_STYLE = Automatic;
				CURRENT_PROJECT_VERSION = 1;
				GENERATE_INFOPLIST_FILE = YES;
				INFOPLIST_FILE = "ScrollVieew App/Info.plist";
				INFOPLIST_KEY_UIApplicationSupportsIndirectInputEvents = YES;
				INFOPLIST_KEY_UILaunchStoryboardName = LaunchScreen;
				INFOPLIST_KEY_UIMainStoryboardFile = Main;
				INFOPLIST_KEY_UISupportedInterfaceOrientations_iPad = "UIInterfaceOrientationPortrait UIInterfaceOrientationPortraitUpsideDown UIInterfaceOrientationLandscapeLeft UIInterfaceOrientationLandscapeRight";
				INFOPLIST_KEY_UISupportedInterfaceOrientations_iPhone = "UIInterfaceOrientationPortrait UIInterfaceOrientationLandscapeLeft UIInterfaceOrientationLandscapeRight";
				LD_RUNPATH_SEARCH_PATHS = (
					"$(inherited)",
					"@executable_path/Frameworks",
				);
				MARKETING_VERSION = 1.0;
				PRODUCT_BUNDLE_IDENTIFIER = "mscit.ScrollVieew-App";
				PRODUCT_NAME = "$(TARGET_NAME)";
				SWIFT_EMIT_LOC_STRINGS = YES;
				SWIFT_VERSION = 5.0;
				TARGETED_DEVICE_FAMILY = "1,2";
			};
			name = Debug;
		};
		737A1C1F2BA9641B001D638F /* Release */ = {
			isa = XCBuildConfiguration;
			buildSettings = {
				ASSETCATALOG_COMPILER_APPICON_NAME = AppIcon;
				ASSETCATALOG_COMPILER_GLOBAL_ACCENT_COLOR_NAME = AccentColor;
				CODE_SIGN_STYLE = Automatic;
				CURRENT_PROJECT_VERSION = 1;
				GENERATE_INFOPLIST_FILE = YES;
				INFOPLIST_FILE = "ScrollVieew App/Info.plist";
				INFOPLIST_KEY_UIApplicationSupportsIndirectInputEvents = YES;
				INFOPLIST_KEY_UILaunchStoryboardName = LaunchScreen;
				INFOPLIST_KEY_UIMainStoryboardFile = Main;
				INFOPLIST_KEY_UISupportedInterfaceOrientations_iPad = "UIInterfaceOrientationPortrait UIInterfaceOrientationPortraitUpsideDown UIInterfaceOrientationLandscapeLeft UIInterfaceOrientationLandscapeRight";
				INFOPLIST_KEY_UISupportedInterfaceOrientations_iPhone = "UIInterfaceOrientationPortrait UIInterfaceOrientationLandscapeLeft UIInterfaceOrientationLandscapeRight";
				LD_RUNPATH_SEARCH_PATHS = (
					"$(inherited)",
					"@executable_path/Frameworks",
				);
				MARKETING_VERSION = 1.0;
				PRODUCT_BUNDLE_IDENTIFIER = "mscit.ScrollVieew-App";
				PRODUCT_NAME = "$(TARGET_NAME)";
				SWIFT_EMIT_LOC_STRINGS = YES;
				SWIFT_VERSION = 5.0;
				TARGETED_DEVICE_FAMILY = "1,2";
			};
			name = Release;
		};
/* End XCBuildConfiguration section */

/* Begin XCConfigurationList section */
		737A1C012BA9641A001D638F /* Build configuration list for PBXProject "ScrollVieew App" */ = {
			isa = XCConfigurationList;
			buildConfigurations = (
				737A1C1B2BA9641B001D638F /* Debug */,
				737A1C1C2BA9641B001D638F /* Release */,
			);
			defaultConfigurationIsVisible = 0;
			defaultConfigurationName = Release;
		};
		737A1C1D2BA9641B001D638F /* Build configuration list for PBXNativeTarget "ScrollVieew App" */ = {
			isa = XCConfigurationList;
			buildConfigurations = (
				737A1C1E2BA9641B001D638F /* Debug */,
				737A1C1F2BA9641B001D638F /* Release */,
			);
			defaultConfigurationIsVisible = 0;
			defaultConfigurationName = Release;
		};
/* End XCConfigurationList section */

/* Begin XCVersionGroup section */
		737A1C122BA9641A001D638F /* ScrollVieew_App.xcdatamodeld */ = {
			isa = XCVersionGroup;
			children = (
				737A1C132BA9641A001D638F /* ScrollVieew_App.xcdatamodel */,
			);
			currentVersion = 737A1C132BA9641A001D638F /* ScrollVieew_App.xcdatamodel */;
			path = ScrollVieew_App.xcdatamodeld;
			sourceTree = "<group>";
			versionGroupType = wrapper.xcdatamodel;
		};
/* End XCVersionGroup section */
	};
	rootObject = 737A1BFE2BA9641A001D638F /* Project object */;
}
